// !$*UTF8*$!
{
	archiveVersion = 1;
	classes = {
	};
	objectVersion = 55;
	objects = {

/* Begin PBXBuildFile section */
		846749E527E864F30053CAC5 /* ObservableObject.swift in Sources */ = {isa = PBXBuildFile; fileRef = 846749E427E864F30053CAC5 /* ObservableObject.swift */; };
		846749E727E8686F0053CAC5 /* NetworkService.swift in Sources */ = {isa = PBXBuildFile; fileRef = 846749E627E8686F0053CAC5 /* NetworkService.swift */; };
		846749E927E86FED0053CAC5 /* HomeViewController.swift in Sources */ = {isa = PBXBuildFile; fileRef = 846749E827E86FED0053CAC5 /* HomeViewController.swift */; };
		846749EB27E872D60053CAC5 /* HomeViewModel.swift in Sources */ = {isa = PBXBuildFile; fileRef = 846749EA27E872D60053CAC5 /* HomeViewModel.swift */; };
		8467A57127E488B100D226D7 /* NewViewController.swift in Sources */ = {isa = PBXBuildFile; fileRef = 8467A57027E488B100D226D7 /* NewViewController.swift */; };
		8467A57327E49DB700D226D7 /* ViewModel.swift in Sources */ = {isa = PBXBuildFile; fileRef = 8467A57227E49DB700D226D7 /* ViewModel.swift */; };
		8467A57527E49DC500D226D7 /* Model.swift in Sources */ = {isa = PBXBuildFile; fileRef = 8467A57427E49DC500D226D7 /* Model.swift */; };
		8478DEA027E2F793009274A1 /* AppDelegate.swift in Sources */ = {isa = PBXBuildFile; fileRef = 8478DE9F27E2F793009274A1 /* AppDelegate.swift */; };
		8478DEA227E2F793009274A1 /* SceneDelegate.swift in Sources */ = {isa = PBXBuildFile; fileRef = 8478DEA127E2F793009274A1 /* SceneDelegate.swift */; };
		8478DEA427E2F793009274A1 /* ViewController.swift in Sources */ = {isa = PBXBuildFile; fileRef = 8478DEA327E2F793009274A1 /* ViewController.swift */; };
		8478DEA727E2F793009274A1 /* Main.storyboard in Resources */ = {isa = PBXBuildFile; fileRef = 8478DEA527E2F793009274A1 /* Main.storyboard */; };
		8478DEA927E2F79A009274A1 /* Assets.xcassets in Resources */ = {isa = PBXBuildFile; fileRef = 8478DEA827E2F79A009274A1 /* Assets.xcassets */; };
		8478DEAC27E2F79A009274A1 /* LaunchScreen.storyboard in Resources */ = {isa = PBXBuildFile; fileRef = 8478DEAA27E2F79A009274A1 /* LaunchScreen.storyboard */; };
/* End PBXBuildFile section */

/* Begin PBXFileReference section */
		846749E427E864F30053CAC5 /* ObservableObject.swift */ = {isa = PBXFileReference; lastKnownFileType = sourcecode.swift; path = ObservableObject.swift; sourceTree = "<group>"; };
		846749E627E8686F0053CAC5 /* NetworkService.swift */ = {isa = PBXFileReference; lastKnownFileType = sourcecode.swift; path = NetworkService.swift; sourceTree = "<group>"; };
		846749E827E86FED0053CAC5 /* HomeViewController.swift */ = {isa = PBXFileReference; lastKnownFileType = sourcecode.swift; path = HomeViewController.swift; sourceTree = "<group>"; };
		846749EA27E872D60053CAC5 /* HomeViewModel.swift */ = {isa = PBXFileReference; lastKnownFileType = sourcecode.swift; path = HomeViewModel.swift; sourceTree = "<group>"; };
		8467A57027E488B100D226D7 /* NewViewController.swift */ = {isa = PBXFileReference; lastKnownFileType = sourcecode.swift; path = NewViewController.swift; sourceTree = "<group>"; };
		8467A57227E49DB700D226D7 /* ViewModel.swift */ = {isa = PBXFileReference; lastKnownFileType = sourcecode.swift; path = ViewModel.swift; sourceTree = "<group>"; };
		8467A57427E49DC500D226D7 /* Model.swift */ = {isa = PBXFileReference; lastKnownFileType = sourcecode.swift; path = Model.swift; sourceTree = "<group>"; };
		8478DE9C27E2F793009274A1 /* CombineFrameworkExample.app */ = {isa = PBXFileReference; explicitFileType = wrapper.application; includeInIndex = 0; path = CombineFrameworkExample.app; sourceTree = BUILT_PRODUCTS_DIR; };
		8478DE9F27E2F793009274A1 /* AppDelegate.swift */ = {isa = PBXFileReference; lastKnownFileType = sourcecode.swift; path = AppDelegate.swift; sourceTree = "<group>"; };
		8478DEA127E2F793009274A1 /* SceneDelegate.swift */ = {isa = PBXFileReference; lastKnownFileType = sourcecode.swift; path = SceneDelegate.swift; sourceTree = "<group>"; };
		8478DEA327E2F793009274A1 /* ViewController.swift */ = {isa = PBXFileReference; lastKnownFileType = sourcecode.swift; path = ViewController.swift; sourceTree = "<group>"; };
		8478DEA627E2F793009274A1 /* Base */ = {isa = PBXFileReference; lastKnownFileType = file.storyboard; name = Base; path = Base.lproj/Main.storyboard; sourceTree = "<group>"; };
		8478DEA827E2F79A009274A1 /* Assets.xcassets */ = {isa = PBXFileReference; lastKnownFileType = folder.assetcatalog; path = Assets.xcassets; sourceTree = "<group>"; };
		8478DEAB27E2F79A009274A1 /* Base */ = {isa = PBXFileReference; lastKnownFileType = file.storyboard; name = Base; path = Base.lproj/LaunchScreen.storyboard; sourceTree = "<group>"; };
		8478DEAD27E2F79A009274A1 /* Info.plist */ = {isa = PBXFileReference; lastKnownFileType = text.plist.xml; path = Info.plist; sourceTree = "<group>"; };
/* End PBXFileReference section */

/* Begin PBXFrameworksBuildPhase section */
		8478DE9927E2F793009274A1 /* Frameworks */ = {
			isa = PBXFrameworksBuildPhase;
			buildActionMask = 2147483647;
			files = (
			);
			runOnlyForDeploymentPostprocessing = 0;
		};
/* End PBXFrameworksBuildPhase section */

/* Begin PBXGroup section */
		8478DE9327E2F793009274A1 = {
			isa = PBXGroup;
			children = (
				8478DE9E27E2F793009274A1 /* CombineFrameworkExample */,
				8478DE9D27E2F793009274A1 /* Products */,
			);
			sourceTree = "<group>";
		};
		8478DE9D27E2F793009274A1 /* Products */ = {
			isa = PBXGroup;
			children = (
				8478DE9C27E2F793009274A1 /* CombineFrameworkExample.app */,
			);
			name = Products;
			sourceTree = "<group>";
		};
		8478DE9E27E2F793009274A1 /* CombineFrameworkExample */ = {
			isa = PBXGroup;
			children = (
				8478DE9F27E2F793009274A1 /* AppDelegate.swift */,
				8478DEA127E2F793009274A1 /* SceneDelegate.swift */,
				8478DEA327E2F793009274A1 /* ViewController.swift */,
				8478DEA527E2F793009274A1 /* Main.storyboard */,
				8478DEA827E2F79A009274A1 /* Assets.xcassets */,
				8478DEAA27E2F79A009274A1 /* LaunchScreen.storyboard */,
				8478DEAD27E2F79A009274A1 /* Info.plist */,
				8467A57027E488B100D226D7 /* NewViewController.swift */,
				8467A57227E49DB700D226D7 /* ViewModel.swift */,
				8467A57427E49DC500D226D7 /* Model.swift */,
				846749E427E864F30053CAC5 /* ObservableObject.swift */,
				846749E627E8686F0053CAC5 /* NetworkService.swift */,
				846749E827E86FED0053CAC5 /* HomeViewController.swift */,
				846749EA27E872D60053CAC5 /* HomeViewModel.swift */,
			);
			path = CombineFrameworkExample;
			sourceTree = "<group>";
		};
/* End PBXGroup section */

/* Begin PBXNativeTarget section */
		8478DE9B27E2F793009274A1 /* CombineFrameworkExample */ = {
			isa = PBXNativeTarget;
			buildConfigurationList = 8478DEB027E2F79A009274A1 /* Build configuration list for PBXNativeTarget "CombineFrameworkExample" */;
			buildPhases = (
				8478DE9827E2F793009274A1 /* Sources */,
				8478DE9927E2F793009274A1 /* Frameworks */,
				8478DE9A27E2F793009274A1 /* Resources */,
			);
			buildRules = (
			);
			dependencies = (
			);
			name = CombineFrameworkExample;
			productName = CombineFrameworkExample;
			productReference = 8478DE9C27E2F793009274A1 /* CombineFrameworkExample.app */;
			productType = "com.apple.product-type.application";
		};
/* End PBXNativeTarget section */

/* Begin PBXProject section */
		8478DE9427E2F793009274A1 /* Project object */ = {
			isa = PBXProject;
			attributes = {
				BuildIndependentTargetsInParallel = 1;
				LastSwiftUpdateCheck = 1320;
				LastUpgradeCheck = 1320;
				TargetAttributes = {
					8478DE9B27E2F793009274A1 = {
						CreatedOnToolsVersion = 13.2.1;
					};
				};
			};
			buildConfigurationList = 8478DE9727E2F793009274A1 /* Build configuration list for PBXProject "CombineFrameworkExample" */;
			compatibilityVersion = "Xcode 13.0";
			developmentRegion = en;
			hasScannedForEncodings = 0;
			knownRegions = (
				en,
				Base,
			);
			mainGroup = 8478DE9327E2F793009274A1;
			productRefGroup = 8478DE9D27E2F793009274A1 /* Products */;
			projectDirPath = "";
			projectRoot = "";
			targets = (
				8478DE9B27E2F793009274A1 /* CombineFrameworkExample */,
			);
		};
/* End PBXProject section */

/* Begin PBXResourcesBuildPhase section */
		8478DE9A27E2F793009274A1 /* Resources */ = {
			isa = PBXResourcesBuildPhase;
			buildActionMask = 2147483647;
			files = (
				8478DEAC27E2F79A009274A1 /* LaunchScreen.storyboard in Resources */,
				8478DEA927E2F79A009274A1 /* Assets.xcassets in Resources */,
				8478DEA727E2F793009274A1 /* Main.storyboard in Resources */,
			);
			runOnlyForDeploymentPostprocessing = 0;
		};
/* End PBXResourcesBuildPhase section */

/* Begin PBXSourcesBuildPhase section */
		8478DE9827E2F793009274A1 /* Sources */ = {
			isa = PBXSourcesBuildPhase;
			buildActionMask = 2147483647;
			files = (
				8467A57327E49DB700D226D7 /* ViewModel.swift in Sources */,
				8478DEA427E2F793009274A1 /* ViewController.swift in Sources */,
				846749E727E8686F0053CAC5 /* NetworkService.swift in Sources */,
				846749EB27E872D60053CAC5 /* HomeViewModel.swift in Sources */,
				8478DEA027E2F793009274A1 /* AppDelegate.swift in Sources */,
				8467A57527E49DC500D226D7 /* Model.swift in Sources */,
				846749E927E86FED0053CAC5 /* HomeViewController.swift in Sources */,
				846749E527E864F30053CAC5 /* ObservableObject.swift in Sources */,
				8478DEA227E2F793009274A1 /* SceneDelegate.swift in Sources */,
				8467A57127E488B100D226D7 /* NewViewController.swift in Sources */,
			);
			runOnlyForDeploymentPostprocessing = 0;
		};
/* End PBXSourcesBuildPhase section */

/* Begin PBXVariantGroup section */
		8478DEA527E2F793009274A1 /* Main.storyboard */ = {
			isa = PBXVariantGroup;
			children = (
				8478DEA627E2F793009274A1 /* Base */,
			);
			name = Main.storyboard;
			sourceTree = "<group>";
		};
		8478DEAA27E2F79A009274A1 /* LaunchScreen.storyboard */ = {
			isa = PBXVariantGroup;
			children = (
				8478DEAB27E2F79A009274A1 /* Base */,
			);
			name = LaunchScreen.storyboard;
			sourceTree = "<group>";
		};
/* End PBXVariantGroup section */

/* Begin XCBuildConfiguration section */
		8478DEAE27E2F79A009274A1 /* Debug */ = {
			isa = XCBuildConfiguration;
			buildSettings = {
				ALWAYS_SEARCH_USER_PATHS = NO;
				CLANG_ANALYZER_NONNULL = YES;
				CLANG_ANALYZER_NUMBER_OBJECT_CONVERSION = YES_AGGRESSIVE;
				CLANG_CXX_LANGUAGE_STANDARD = "gnu++17";
				CLANG_CXX_LIBRARY = "libc++";
				CLANG_ENABLE_MODULES = YES;
				CLANG_ENABLE_OBJC_ARC = YES;
				CLANG_ENABLE_OBJC_WEAK = YES;
				CLANG_WARN_BLOCK_CAPTURE_AUTORELEASING = YES;
				CLANG_WARN_BOOL_CONVERSION = YES;
				CLANG_WARN_COMMA = YES;
				CLANG_WARN_CONSTANT_CONVERSION = YES;
				CLANG_WARN_DEPRECATED_OBJC_IMPLEMENTATIONS = YES;
				CLANG_WARN_DIRECT_OBJC_ISA_USAGE = YES_ERROR;
				CLANG_WARN_DOCUMENTATION_COMMENTS = YES;
				CLANG_WARN_EMPTY_BODY = YES;
				CLANG_WARN_ENUM_CONVERSION = YES;
				CLANG_WARN_INFINITE_RECURSION = YES;
				CLANG_WARN_INT_CONVERSION = YES;
				CLANG_WARN_NON_LITERAL_NULL_CONVERSION = YES;
				CLANG_WARN_OBJC_IMPLICIT_RETAIN_SELF = YES;
				CLANG_WARN_OBJC_LITERAL_CONVERSION = YES;
				CLANG_WARN_OBJC_ROOT_CLASS = YES_ERROR;
				CLANG_WARN_QUOTED_INCLUDE_IN_FRAMEWORK_HEADER = YES;
				CLANG_WARN_RANGE_LOOP_ANALYSIS = YES;
				CLANG_WARN_STRICT_PROTOTYPES = YES;
				CLANG_WARN_SUSPICIOUS_MOVE = YES;
				CLANG_WARN_UNGUARDED_AVAILABILITY = YES_AGGRESSIVE;
				CLANG_WARN_UNREACHABLE_CODE = YES;
				CLANG_WARN__DUPLICATE_METHOD_MATCH = YES;
				COPY_PHASE_STRIP = NO;
				DEBUG_INFORMATION_FORMAT = dwarf;
				ENABLE_STRICT_OBJC_MSGSEND = YES;
				ENABLE_TESTABILITY = YES;
				GCC_C_LANGUAGE_STANDARD = gnu11;
				GCC_DYNAMIC_NO_PIC = NO;
				GCC_NO_COMMON_BLOCKS = YES;
				GCC_OPTIMIZATION_LEVEL = 0;
				GCC_PREPROCESSOR_DEFINITIONS = (
					"DEBUG=1",
					"$(inherited)",
				);
				GCC_WARN_64_TO_32_BIT_CONVERSION = YES;
				GCC_WARN_ABOUT_RETURN_TYPE = YES_ERROR;
				GCC_WARN_UNDECLARED_SELECTOR = YES;
				GCC_WARN_UNINITIALIZED_AUTOS = YES_AGGRESSIVE;
				GCC_WARN_UNUSED_FUNCTION = YES;
				GCC_WARN_UNUSED_VARIABLE = YES;
				IPHONEOS_DEPLOYMENT_TARGET = 15.2;
				MTL_ENABLE_DEBUG_INFO = INCLUDE_SOURCE;
				MTL_FAST_MATH = YES;
				ONLY_ACTIVE_ARCH = YES;
				SDKROOT = iphoneos;
				SWIFT_ACTIVE_COMPILATION_CONDITIONS = DEBUG;
				SWIFT_OPTIMIZATION_LEVEL = "-Onone";
			};
			name = Debug;
		};
		8478DEAF27E2F79A009274A1 /* Release */ = {
			isa = XCBuildConfiguration;
			buildSettings = {
				ALWAYS_SEARCH_USER_PATHS = NO;
				CLANG_ANALYZER_NONNULL = YES;
				CLANG_ANALYZER_NUMBER_OBJECT_CONVERSION = YES_AGGRESSIVE;
				CLANG_CXX_LANGUAGE_STANDARD = "gnu++17";
				CLANG_CXX_LIBRARY = "libc++";
				CLANG_ENABLE_MODULES = YES;
				CLANG_ENABLE_OBJC_ARC = YES;
				CLANG_ENABLE_OBJC_WEAK = YES;
				CLANG_WARN_BLOCK_CAPTURE_AUTORELEASING = YES;
				CLANG_WARN_BOOL_CONVERSION = YES;
				CLANG_WARN_COMMA = YES;
				CLANG_WARN_CONSTANT_CONVERSION = YES;
				CLANG_WARN_DEPRECATED_OBJC_IMPLEMENTATIONS = YES;
				CLANG_WARN_DIRECT_OBJC_ISA_USAGE = YES_ERROR;
				CLANG_WARN_DOCUMENTATION_COMMENTS = YES;
				CLANG_WARN_EMPTY_BODY = YES;
				CLANG_WARN_ENUM_CONVERSION = YES;
				CLANG_WARN_INFINITE_RECURSION = YES;
				CLANG_WARN_INT_CONVERSION = YES;
				CLANG_WARN_NON_LITERAL_NULL_CONVERSION = YES;
				CLANG_WARN_OBJC_IMPLICIT_RETAIN_SELF = YES;
				CLANG_WARN_OBJC_LITERAL_CONVERSION = YES;
				CLANG_WARN_OBJC_ROOT_CLASS = YES_ERROR;
				CLANG_WARN_QUOTED_INCLUDE_IN_FRAMEWORK_HEADER = YES;
				CLANG_WARN_RANGE_LOOP_ANALYSIS = YES;
				CLANG_WARN_STRICT_PROTOTYPES = YES;
				CLANG_WARN_SUSPICIOUS_MOVE = YES;
				CLANG_WARN_UNGUARDED_AVAILABILITY = YES_AGGRESSIVE;
				CLANG_WARN_UNREACHABLE_CODE = YES;
				CLANG_WARN__DUPLICATE_METHOD_MATCH = YES;
				COPY_PHASE_STRIP = NO;
				DEBUG_INFORMATION_FORMAT = "dwarf-with-dsym";
				ENABLE_NS_ASSERTIONS = NO;
				ENABLE_STRICT_OBJC_MSGSEND = YES;
				GCC_C_LANGUAGE_STANDARD = gnu11;
				GCC_NO_COMMON_BLOCKS = YES;
				GCC_WARN_64_TO_32_BIT_CONVERSION = YES;
				GCC_WARN_ABOUT_RETURN_TYPE = YES_ERROR;
				GCC_WARN_UNDECLARED_SELECTOR = YES;
				GCC_WARN_UNINITIALIZED_AUTOS = YES_AGGRESSIVE;
				GCC_WARN_UNUSED_FUNCTION = YES;
				GCC_WARN_UNUSED_VARIABLE = YES;
				IPHONEOS_DEPLOYMENT_TARGET = 15.2;
				MTL_ENABLE_DEBUG_INFO = NO;
				MTL_FAST_MATH = YES;
				SDKROOT = iphoneos;
				SWIFT_COMPILATION_MODE = wholemodule;
				SWIFT_OPTIMIZATION_LEVEL = "-O";
				VALIDATE_PRODUCT = YES;
			};
			name = Release;
		};
		8478DEB127E2F79A009274A1 /* Debug */ = {
			isa = XCBuildConfiguration;
			buildSettings = {
				ASSETCATALOG_COMPILER_APPICON_NAME = AppIcon;
				ASSETCATALOG_COMPILER_GLOBAL_ACCENT_COLOR_NAME = AccentColor;
				CODE_SIGN_STYLE = Automatic;
				CURRENT_PROJECT_VERSION = 1;
				DEVELOPMENT_TEAM = 5Y898KVAG5;
				GENERATE_INFOPLIST_FILE = YES;
				INFOPLIST_FILE = CombineFrameworkExample/Info.plist;
				INFOPLIST_KEY_UIApplicationSupportsIndirectInputEvents = YES;
				INFOPLIST_KEY_UILaunchStoryboardName = LaunchScreen;
				INFOPLIST_KEY_UIMainStoryboardFile = Main;
				INFOPLIST_KEY_UISupportedInterfaceOrientations_iPad = "UIInterfaceOrientationPortrait UIInterfaceOrientationPortraitUpsideDown UIInterfaceOrientationLandscapeLeft UIInterfaceOrientationLandscapeRight";
				INFOPLIST_KEY_UISupportedInterfaceOrientations_iPhone = "UIInterfaceOrientationPortrait UIInterfaceOrientationLandscapeLeft UIInterfaceOrientationLandscapeRight";
				LD_RUNPATH_SEARCH_PATHS = (
					"$(inherited)",
					"@executable_path/Frameworks",
				);
				MARKETING_VERSION = 1.0;
				PRODUCT_BUNDLE_IDENTIFIER = Akanksha.CombineFrameworkExample;
				PRODUCT_NAME = "$(TARGET_NAME)";
				SWIFT_EMIT_LOC_STRINGS = YES;
				SWIFT_VERSION = 5.0;
				TARGETED_DEVICE_FAMILY = "1,2";
			};
			name = Debug;
		};
		8478DEB227E2F79A009274A1 /* Release */ = {
			isa = XCBuildConfiguration;
			buildSettings = {
				ASSETCATALOG_COMPILER_APPICON_NAME = AppIcon;
				ASSETCATALOG_COMPILER_GLOBAL_ACCENT_COLOR_NAME = AccentColor;
				CODE_SIGN_STYLE = Automatic;
				CURRENT_PROJECT_VERSION = 1;
				DEVELOPMENT_TEAM = 5Y898KVAG5;
				GENERATE_INFOPLIST_FILE = YES;
				INFOPLIST_FILE = CombineFrameworkExample/Info.plist;
				INFOPLIST_KEY_UIApplicationSupportsIndirectInputEvents = YES;
				INFOPLIST_KEY_UILaunchStoryboardName = LaunchScreen;
				INFOPLIST_KEY_UIMainStoryboardFile = Main;
				INFOPLIST_KEY_UISupportedInterfaceOrientations_iPad = "UIInterfaceOrientationPortrait UIInterfaceOrientationPortraitUpsideDown UIInterfaceOrientationLandscapeLeft UIInterfaceOrientationLandscapeRight";
				INFOPLIST_KEY_UISupportedInterfaceOrientations_iPhone = "UIInterfaceOrientationPortrait UIInterfaceOrientationLandscapeLeft UIInterfaceOrientationLandscapeRight";
				LD_RUNPATH_SEARCH_PATHS = (
					"$(inherited)",
					"@executable_path/Frameworks",
				);
				MARKETING_VERSION = 1.0;
				PRODUCT_BUNDLE_IDENTIFIER = Akanksha.CombineFrameworkExample;
				PRODUCT_NAME = "$(TARGET_NAME)";
				SWIFT_EMIT_LOC_STRINGS = YES;
				SWIFT_VERSION = 5.0;
				TARGETED_DEVICE_FAMILY = "1,2";
			};
			name = Release;
		};
/* End XCBuildConfiguration section */

/* Begin XCConfigurationList section */
		8478DE9727E2F793009274A1 /* Build configuration list for PBXProject "CombineFrameworkExample" */ = {
			isa = XCConfigurationList;
			buildConfigurations = (
				8478DEAE27E2F79A009274A1 /* Debug */,
				8478DEAF27E2F79A009274A1 /* Release */,
			);
			defaultConfigurationIsVisible = 0;
			defaultConfigurationName = Release;
		};
		8478DEB027E2F79A009274A1 /* Build configuration list for PBXNativeTarget "CombineFrameworkExample" */ = {
			isa = XCConfigurationList;
			buildConfigurations = (
				8478DEB127E2F79A009274A1 /* Debug */,
				8478DEB227E2F79A009274A1 /* Release */,
			);
			defaultConfigurationIsVisible = 0;
			defaultConfigurationName = Release;
		};
/* End XCConfigurationList section */
	};
	rootObject = 8478DE9427E2F793009274A1 /* Project object */;
}
